
Microsoft Visual Studio Solution File, Format Version 12.00
# Visual Studio Version 17
VisualStudioVersion = 17.4.33110.190
MinimumVisualStudioVersion = 10.0.40219.1
Project("{9A19103F-16F7-4668-BE54-9A1E7A4F7556}") = "BlazorApp", "BlazorApp31012020\BlazorApp.csproj", "{FA553D54-E31B-4411-A399-3DA3D701D058}"
EndProject
Global
	GlobalSection(SolutionConfigurationPlatforms) = preSolution
		Debug|Any CPU = Debug|Any CPU
		Release|Any CPU = Release|Any CPU
	EndGlobalSection
	GlobalSection(ProjectConfigurationPlatforms) = postSolution
		{FA553D54-E31B-4411-A399-3DA3D701D058}.Debug|Any CPU.ActiveCfg = Debug|Any CPU
		{FA553D54-E31B-4411-A399-3DA3D701D058}.Debug|Any CPU.Build.0 = Debug|Any CPU
		{FA553D54-E31B-4411-A399-3DA3D701D058}.Release|Any CPU.ActiveCfg = Release|Any CPU
		{FA553D54-E31B-4411-A399-3DA3D701D058}.Release|Any CPU.Build.0 = Release|Any CPU
	EndGlobalSection
	GlobalSection(SolutionProperties) = preSolution
		HideSolutionNode = FALSE
	EndGlobalSection
	GlobalSection(ExtensibilityGlobals) = postSolution
		SolutionGuid = {DB482CA6-7265-4AAD-9E76-7C0482A53FB5}
	EndGlobalSection
EndGlobal
